
Microsoft Visual Studio Solution File, Format Version 12.00
# Visual Studio Version 16
VisualStudioVersion = 16.0.28917.182
MinimumVisualStudioVersion = 10.0.40219.1
Project("{9A19103F-16F7-4668-BE54-9A1E7A4F7556}") = "PasswordCheck", "PasswordCheck\PasswordCheck.csproj", "{05744024-B4E9-425E-9166-8F7918A4CDC1}"
EndProject
Project("{9A19103F-16F7-4668-BE54-9A1E7A4F7556}") = "HaveIBeenPND", "HaveIBeenPND\HaveIBeenPND.csproj", "{C08AEFE2-A2C0-415B-9A9E-47073E8CF621}"
EndProject
Project("{FAE04EC0-301F-11D3-BF4B-00C04F79EFBC}") = "PasswordCheck.Tests", "PasswordCheck.Tests\PasswordCheck.Tests.csproj", "{9145B25E-12FD-4F9D-8505-A6629D3419A5}"
EndProject
Project("{FAE04EC0-301F-11D3-BF4B-00C04F79EFBC}") = "HaveIBeenPND.Tests", "HaveIBeenPND.Tests\HaveIBeenPND.Tests.csproj", "{F7276283-B525-47CF-B588-EF8341E1E0DB}"
EndProject
Global
	GlobalSection(SolutionConfigurationPlatforms) = preSolution
		Debug|Any CPU = Debug|Any CPU
		Release|Any CPU = Release|Any CPU
	EndGlobalSection
	GlobalSection(ProjectConfigurationPlatforms) = postSolution
		{05744024-B4E9-425E-9166-8F7918A4CDC1}.Debug|Any CPU.ActiveCfg = Debug|Any CPU
		{05744024-B4E9-425E-9166-8F7918A4CDC1}.Debug|Any CPU.Build.0 = Debug|Any CPU
		{05744024-B4E9-425E-9166-8F7918A4CDC1}.Release|Any CPU.ActiveCfg = Release|Any CPU
		{05744024-B4E9-425E-9166-8F7918A4CDC1}.Release|Any CPU.Build.0 = Release|Any CPU
		{C08AEFE2-A2C0-415B-9A9E-47073E8CF621}.Debug|Any CPU.ActiveCfg = Debug|Any CPU
		{C08AEFE2-A2C0-415B-9A9E-47073E8CF621}.Debug|Any CPU.Build.0 = Debug|Any CPU
		{C08AEFE2-A2C0-415B-9A9E-47073E8CF621}.Release|Any CPU.ActiveCfg = Release|Any CPU
		{C08AEFE2-A2C0-415B-9A9E-47073E8CF621}.Release|Any CPU.Build.0 = Release|Any CPU
		{9145B25E-12FD-4F9D-8505-A6629D3419A5}.Debug|Any CPU.ActiveCfg = Debug|Any CPU
		{9145B25E-12FD-4F9D-8505-A6629D3419A5}.Debug|Any CPU.Build.0 = Debug|Any CPU
		{9145B25E-12FD-4F9D-8505-A6629D3419A5}.Release|Any CPU.ActiveCfg = Release|Any CPU
		{9145B25E-12FD-4F9D-8505-A6629D3419A5}.Release|Any CPU.Build.0 = Release|Any CPU
		{F7276283-B525-47CF-B588-EF8341E1E0DB}.Debug|Any CPU.ActiveCfg = Debug|Any CPU
		{F7276283-B525-47CF-B588-EF8341E1E0DB}.Debug|Any CPU.Build.0 = Debug|Any CPU
		{F7276283-B525-47CF-B588-EF8341E1E0DB}.Release|Any CPU.ActiveCfg = Release|Any CPU
		{F7276283-B525-47CF-B588-EF8341E1E0DB}.Release|Any CPU.Build.0 = Release|Any CPU
	EndGlobalSection
	GlobalSection(SolutionProperties) = preSolution
		HideSolutionNode = FALSE
	EndGlobalSection
	GlobalSection(ExtensibilityGlobals) = postSolution
		SolutionGuid = {C6FA99FE-F0EA-4E2F-855C-F09994229FE5}
	EndGlobalSection
EndGlobal
